// !$*UTF8*$!
{
	archiveVersion = 1;
	classes = {
	};
	objectVersion = 60;
	objects = {

/* Begin PBXBuildFile section */
		0304EFF62C3916E700C2BD5E /* SwiftUI_StudyApp.swift in Sources */ = {isa = PBXBuildFile; fileRef = 0304EFF52C3916E700C2BD5E /* SwiftUI_StudyApp.swift */; };
		0304EFF82C3916E700C2BD5E /* ContentView.swift in Sources */ = {isa = PBXBuildFile; fileRef = 0304EFF72C3916E700C2BD5E /* ContentView.swift */; };
		0304EFFA2C3916E800C2BD5E /* Assets.xcassets in Resources */ = {isa = PBXBuildFile; fileRef = 0304EFF92C3916E800C2BD5E /* Assets.xcassets */; };
		0304EFFD2C3916E800C2BD5E /* Preview Assets.xcassets in Resources */ = {isa = PBXBuildFile; fileRef = 0304EFFC2C3916E800C2BD5E /* Preview Assets.xcassets */; };
		0304F0042C39170600C2BD5E /* ArrayBuilder.swift in Sources */ = {isa = PBXBuildFile; fileRef = 0304F0032C39170600C2BD5E /* ArrayBuilder.swift */; };
		0304F0062C391A3900C2BD5E /* TaskLocalStudy.swift in Sources */ = {isa = PBXBuildFile; fileRef = 0304F0052C391A3900C2BD5E /* TaskLocalStudy.swift */; };
		0304F0082C391C3C00C2BD5E /* PostViewModel.swift in Sources */ = {isa = PBXBuildFile; fileRef = 0304F0072C391C3C00C2BD5E /* PostViewModel.swift */; };
		0304F00A2C391F5C00C2BD5E /* FetchingState.swift in Sources */ = {isa = PBXBuildFile; fileRef = 0304F0092C391F5C00C2BD5E /* FetchingState.swift */; };
		0304F00C2C39202400C2BD5E /* FetchingView.swift in Sources */ = {isa = PBXBuildFile; fileRef = 0304F00B2C39202400C2BD5E /* FetchingView.swift */; };
/* End PBXBuildFile section */

/* Begin PBXFileReference section */
		0304EFF22C3916E700C2BD5E /* SwiftUI-Study.app */ = {isa = PBXFileReference; explicitFileType = wrapper.application; includeInIndex = 0; path = "SwiftUI-Study.app"; sourceTree = BUILT_PRODUCTS_DIR; };
		0304EFF52C3916E700C2BD5E /* SwiftUI_StudyApp.swift */ = {isa = PBXFileReference; lastKnownFileType = sourcecode.swift; path = SwiftUI_StudyApp.swift; sourceTree = "<group>"; };
		0304EFF72C3916E700C2BD5E /* ContentView.swift */ = {isa = PBXFileReference; lastKnownFileType = sourcecode.swift; path = ContentView.swift; sourceTree = "<group>"; };
		0304EFF92C3916E800C2BD5E /* Assets.xcassets */ = {isa = PBXFileReference; lastKnownFileType = folder.assetcatalog; path = Assets.xcassets; sourceTree = "<group>"; };
		0304EFFC2C3916E800C2BD5E /* Preview Assets.xcassets */ = {isa = PBXFileReference; lastKnownFileType = folder.assetcatalog; path = "Preview Assets.xcassets"; sourceTree = "<group>"; };
		0304F0032C39170600C2BD5E /* ArrayBuilder.swift */ = {isa = PBXFileReference; lastKnownFileType = sourcecode.swift; path = ArrayBuilder.swift; sourceTree = "<group>"; };
		0304F0052C391A3900C2BD5E /* TaskLocalStudy.swift */ = {isa = PBXFileReference; lastKnownFileType = sourcecode.swift; path = TaskLocalStudy.swift; sourceTree = "<group>"; };
		0304F0072C391C3C00C2BD5E /* PostViewModel.swift */ = {isa = PBXFileReference; lastKnownFileType = sourcecode.swift; path = PostViewModel.swift; sourceTree = "<group>"; };
		0304F0092C391F5C00C2BD5E /* FetchingState.swift */ = {isa = PBXFileReference; lastKnownFileType = sourcecode.swift; path = FetchingState.swift; sourceTree = "<group>"; };
		0304F00B2C39202400C2BD5E /* FetchingView.swift */ = {isa = PBXFileReference; lastKnownFileType = sourcecode.swift; path = FetchingView.swift; sourceTree = "<group>"; };
/* End PBXFileReference section */

/* Begin PBXFrameworksBuildPhase section */
		0304EFEF2C3916E700C2BD5E /* Frameworks */ = {
			isa = PBXFrameworksBuildPhase;
			buildActionMask = 2147483647;
			files = (
			);
			runOnlyForDeploymentPostprocessing = 0;
		};
/* End PBXFrameworksBuildPhase section */

/* Begin PBXGroup section */
		0304EFE92C3916E700C2BD5E = {
			isa = PBXGroup;
			children = (
				0304EFF42C3916E700C2BD5E /* SwiftUI-Study */,
				0304EFF32C3916E700C2BD5E /* Products */,
			);
			sourceTree = "<group>";
		};
		0304EFF32C3916E700C2BD5E /* Products */ = {
			isa = PBXGroup;
			children = (
				0304EFF22C3916E700C2BD5E /* SwiftUI-Study.app */,
			);
			name = Products;
			sourceTree = "<group>";
		};
		0304EFF42C3916E700C2BD5E /* SwiftUI-Study */ = {
			isa = PBXGroup;
			children = (
				0304EFF52C3916E700C2BD5E /* SwiftUI_StudyApp.swift */,
				0304EFF72C3916E700C2BD5E /* ContentView.swift */,
				0304F0072C391C3C00C2BD5E /* PostViewModel.swift */,
				0304F0092C391F5C00C2BD5E /* FetchingState.swift */,
				0304F00B2C39202400C2BD5E /* FetchingView.swift */,
				0304F0032C39170600C2BD5E /* ArrayBuilder.swift */,
				0304F0052C391A3900C2BD5E /* TaskLocalStudy.swift */,
				0304EFF92C3916E800C2BD5E /* Assets.xcassets */,
				0304EFFB2C3916E800C2BD5E /* Preview Content */,
			);
			path = "SwiftUI-Study";
			sourceTree = "<group>";
		};
		0304EFFB2C3916E800C2BD5E /* Preview Content */ = {
			isa = PBXGroup;
			children = (
				0304EFFC2C3916E800C2BD5E /* Preview Assets.xcassets */,
			);
			path = "Preview Content";
			sourceTree = "<group>";
		};
/* End PBXGroup section */

/* Begin PBXNativeTarget section */
		0304EFF12C3916E700C2BD5E /* SwiftUI-Study */ = {
			isa = PBXNativeTarget;
			buildConfigurationList = 0304F0002C3916E800C2BD5E /* Build configuration list for PBXNativeTarget "SwiftUI-Study" */;
			buildPhases = (
				0304EFEE2C3916E700C2BD5E /* Sources */,
				0304EFEF2C3916E700C2BD5E /* Frameworks */,
				0304EFF02C3916E700C2BD5E /* Resources */,
			);
			buildRules = (
			);
			dependencies = (
			);
			name = "SwiftUI-Study";
			productName = "SwiftUI-Study";
			productReference = 0304EFF22C3916E700C2BD5E /* SwiftUI-Study.app */;
			productType = "com.apple.product-type.application";
		};
/* End PBXNativeTarget section */

/* Begin PBXProject section */
		0304EFEA2C3916E700C2BD5E /* Project object */ = {
			isa = PBXProject;
			attributes = {
				BuildIndependentTargetsInParallel = 1;
				LastSwiftUpdateCheck = 1600;
				LastUpgradeCheck = 1600;
				TargetAttributes = {
					0304EFF12C3916E700C2BD5E = {
						CreatedOnToolsVersion = 16.0;
					};
				};
			};
			buildConfigurationList = 0304EFED2C3916E700C2BD5E /* Build configuration list for PBXProject "SwiftUI-Study" */;
			compatibilityVersion = "Xcode 15.0";
			developmentRegion = en;
			hasScannedForEncodings = 0;
			knownRegions = (
				en,
				Base,
			);
			mainGroup = 0304EFE92C3916E700C2BD5E;
			productRefGroup = 0304EFF32C3916E700C2BD5E /* Products */;
			projectDirPath = "";
			projectRoot = "";
			targets = (
				0304EFF12C3916E700C2BD5E /* SwiftUI-Study */,
			);
		};
/* End PBXProject section */

/* Begin PBXResourcesBuildPhase section */
		0304EFF02C3916E700C2BD5E /* Resources */ = {
			isa = PBXResourcesBuildPhase;
			buildActionMask = 2147483647;
			files = (
				0304EFFD2C3916E800C2BD5E /* Preview Assets.xcassets in Resources */,
				0304EFFA2C3916E800C2BD5E /* Assets.xcassets in Resources */,
			);
			runOnlyForDeploymentPostprocessing = 0;
		};
/* End PBXResourcesBuildPhase section */

/* Begin PBXSourcesBuildPhase section */
		0304EFEE2C3916E700C2BD5E /* Sources */ = {
			isa = PBXSourcesBuildPhase;
			buildActionMask = 2147483647;
			files = (
				0304F0082C391C3C00C2BD5E /* PostViewModel.swift in Sources */,
				0304F00A2C391F5C00C2BD5E /* FetchingState.swift in Sources */,
				0304F0042C39170600C2BD5E /* ArrayBuilder.swift in Sources */,
				0304EFF82C3916E700C2BD5E /* ContentView.swift in Sources */,
				0304F0062C391A3900C2BD5E /* TaskLocalStudy.swift in Sources */,
				0304EFF62C3916E700C2BD5E /* SwiftUI_StudyApp.swift in Sources */,
				0304F00C2C39202400C2BD5E /* FetchingView.swift in Sources */,
			);
			runOnlyForDeploymentPostprocessing = 0;
		};
/* End PBXSourcesBuildPhase section */

/* Begin XCBuildConfiguration section */
		0304EFFE2C3916E800C2BD5E /* Debug */ = {
			isa = XCBuildConfiguration;
			buildSettings = {
				ALWAYS_SEARCH_USER_PATHS = NO;
				ASSETCATALOG_COMPILER_GENERATE_SWIFT_ASSET_SYMBOL_EXTENSIONS = YES;
				CLANG_ANALYZER_NONNULL = YES;
				CLANG_ANALYZER_NUMBER_OBJECT_CONVERSION = YES_AGGRESSIVE;
				CLANG_CXX_LANGUAGE_STANDARD = "gnu++20";
				CLANG_ENABLE_MODULES = YES;
				CLANG_ENABLE_OBJC_ARC = YES;
				CLANG_ENABLE_OBJC_WEAK = YES;
				CLANG_WARN_BLOCK_CAPTURE_AUTORELEASING = YES;
				CLANG_WARN_BOOL_CONVERSION = YES;
				CLANG_WARN_COMMA = YES;
				CLANG_WARN_CONSTANT_CONVERSION = YES;
				CLANG_WARN_DEPRECATED_OBJC_IMPLEMENTATIONS = YES;
				CLANG_WARN_DIRECT_OBJC_ISA_USAGE = YES_ERROR;
				CLANG_WARN_DOCUMENTATION_COMMENTS = YES;
				CLANG_WARN_EMPTY_BODY = YES;
				CLANG_WARN_ENUM_CONVERSION = YES;
				CLANG_WARN_INFINITE_RECURSION = YES;
				CLANG_WARN_INT_CONVERSION = YES;
				CLANG_WARN_NON_LITERAL_NULL_CONVERSION = YES;
				CLANG_WARN_OBJC_IMPLICIT_RETAIN_SELF = YES;
				CLANG_WARN_OBJC_LITERAL_CONVERSION = YES;
				CLANG_WARN_OBJC_ROOT_CLASS = YES_ERROR;
				CLANG_WARN_QUOTED_INCLUDE_IN_FRAMEWORK_HEADER = YES;
				CLANG_WARN_RANGE_LOOP_ANALYSIS = YES;
				CLANG_WARN_STRICT_PROTOTYPES = YES;
				CLANG_WARN_SUSPICIOUS_MOVE = YES;
				CLANG_WARN_UNGUARDED_AVAILABILITY = YES_AGGRESSIVE;
				CLANG_WARN_UNREACHABLE_CODE = YES;
				CLANG_WARN__DUPLICATE_METHOD_MATCH = YES;
				COPY_PHASE_STRIP = NO;
				DEBUG_INFORMATION_FORMAT = dwarf;
				ENABLE_STRICT_OBJC_MSGSEND = YES;
				ENABLE_TESTABILITY = YES;
				ENABLE_USER_SCRIPT_SANDBOXING = YES;
				GCC_C_LANGUAGE_STANDARD = gnu17;
				GCC_DYNAMIC_NO_PIC = NO;
				GCC_NO_COMMON_BLOCKS = YES;
				GCC_OPTIMIZATION_LEVEL = 0;
				GCC_PREPROCESSOR_DEFINITIONS = (
					"DEBUG=1",
					"$(inherited)",
				);
				GCC_WARN_64_TO_32_BIT_CONVERSION = YES;
				GCC_WARN_ABOUT_RETURN_TYPE = YES_ERROR;
				GCC_WARN_UNDECLARED_SELECTOR = YES;
				GCC_WARN_UNINITIALIZED_AUTOS = YES_AGGRESSIVE;
				GCC_WARN_UNUSED_FUNCTION = YES;
				GCC_WARN_UNUSED_VARIABLE = YES;
				IPHONEOS_DEPLOYMENT_TARGET = 18.0;
				LOCALIZATION_PREFERS_STRING_CATALOGS = YES;
				MTL_ENABLE_DEBUG_INFO = INCLUDE_SOURCE;
				MTL_FAST_MATH = YES;
				ONLY_ACTIVE_ARCH = YES;
				SDKROOT = iphoneos;
				SWIFT_ACTIVE_COMPILATION_CONDITIONS = "DEBUG $(inherited)";
				SWIFT_OPTIMIZATION_LEVEL = "-Onone";
			};
			name = Debug;
		};
		0304EFFF2C3916E800C2BD5E /* Release */ = {
			isa = XCBuildConfiguration;
			buildSettings = {
				ALWAYS_SEARCH_USER_PATHS = NO;
				ASSETCATALOG_COMPILER_GENERATE_SWIFT_ASSET_SYMBOL_EXTENSIONS = YES;
				CLANG_ANALYZER_NONNULL = YES;
				CLANG_ANALYZER_NUMBER_OBJECT_CONVERSION = YES_AGGRESSIVE;
				CLANG_CXX_LANGUAGE_STANDARD = "gnu++20";
				CLANG_ENABLE_MODULES = YES;
				CLANG_ENABLE_OBJC_ARC = YES;
				CLANG_ENABLE_OBJC_WEAK = YES;
				CLANG_WARN_BLOCK_CAPTURE_AUTORELEASING = YES;
				CLANG_WARN_BOOL_CONVERSION = YES;
				CLANG_WARN_COMMA = YES;
				CLANG_WARN_CONSTANT_CONVERSION = YES;
				CLANG_WARN_DEPRECATED_OBJC_IMPLEMENTATIONS = YES;
				CLANG_WARN_DIRECT_OBJC_ISA_USAGE = YES_ERROR;
				CLANG_WARN_DOCUMENTATION_COMMENTS = YES;
				CLANG_WARN_EMPTY_BODY = YES;
				CLANG_WARN_ENUM_CONVERSION = YES;
				CLANG_WARN_INFINITE_RECURSION = YES;
				CLANG_WARN_INT_CONVERSION = YES;
				CLANG_WARN_NON_LITERAL_NULL_CONVERSION = YES;
				CLANG_WARN_OBJC_IMPLICIT_RETAIN_SELF = YES;
				CLANG_WARN_OBJC_LITERAL_CONVERSION = YES;
				CLANG_WARN_OBJC_ROOT_CLASS = YES_ERROR;
				CLANG_WARN_QUOTED_INCLUDE_IN_FRAMEWORK_HEADER = YES;
				CLANG_WARN_RANGE_LOOP_ANALYSIS = YES;
				CLANG_WARN_STRICT_PROTOTYPES = YES;
				CLANG_WARN_SUSPICIOUS_MOVE = YES;
				CLANG_WARN_UNGUARDED_AVAILABILITY = YES_AGGRESSIVE;
				CLANG_WARN_UNREACHABLE_CODE = YES;
				CLANG_WARN__DUPLICATE_METHOD_MATCH = YES;
				COPY_PHASE_STRIP = NO;
				DEBUG_INFORMATION_FORMAT = "dwarf-with-dsym";
				ENABLE_NS_ASSERTIONS = NO;
				ENABLE_STRICT_OBJC_MSGSEND = YES;
				ENABLE_USER_SCRIPT_SANDBOXING = YES;
				GCC_C_LANGUAGE_STANDARD = gnu17;
				GCC_NO_COMMON_BLOCKS = YES;
				GCC_WARN_64_TO_32_BIT_CONVERSION = YES;
				GCC_WARN_ABOUT_RETURN_TYPE = YES_ERROR;
				GCC_WARN_UNDECLARED_SELECTOR = YES;
				GCC_WARN_UNINITIALIZED_AUTOS = YES_AGGRESSIVE;
				GCC_WARN_UNUSED_FUNCTION = YES;
				GCC_WARN_UNUSED_VARIABLE = YES;
				IPHONEOS_DEPLOYMENT_TARGET = 18.0;
				LOCALIZATION_PREFERS_STRING_CATALOGS = YES;
				MTL_ENABLE_DEBUG_INFO = NO;
				MTL_FAST_MATH = YES;
				SDKROOT = iphoneos;
				SWIFT_COMPILATION_MODE = wholemodule;
				VALIDATE_PRODUCT = YES;
			};
			name = Release;
		};
		0304F0012C3916E800C2BD5E /* Debug */ = {
			isa = XCBuildConfiguration;
			buildSettings = {
				ASSETCATALOG_COMPILER_APPICON_NAME = AppIcon;
				ASSETCATALOG_COMPILER_GLOBAL_ACCENT_COLOR_NAME = AccentColor;
				CODE_SIGN_STYLE = Automatic;
				CURRENT_PROJECT_VERSION = 1;
				DEVELOPMENT_ASSET_PATHS = "\"SwiftUI-Study/Preview Content\"";
				DEVELOPMENT_TEAM = 9G83WMJ43Y;
				ENABLE_PREVIEWS = YES;
				GENERATE_INFOPLIST_FILE = YES;
				INFOPLIST_KEY_UIApplicationSceneManifest_Generation = YES;
				INFOPLIST_KEY_UIApplicationSupportsIndirectInputEvents = YES;
				INFOPLIST_KEY_UILaunchScreen_Generation = YES;
				INFOPLIST_KEY_UISupportedInterfaceOrientations_iPad = "UIInterfaceOrientationPortrait UIInterfaceOrientationPortraitUpsideDown UIInterfaceOrientationLandscapeLeft UIInterfaceOrientationLandscapeRight";
				INFOPLIST_KEY_UISupportedInterfaceOrientations_iPhone = "UIInterfaceOrientationPortrait UIInterfaceOrientationLandscapeLeft UIInterfaceOrientationLandscapeRight";
				IPHONEOS_DEPLOYMENT_TARGET = 17.0;
				LD_RUNPATH_SEARCH_PATHS = (
					"$(inherited)",
					"@executable_path/Frameworks",
				);
				MARKETING_VERSION = 1.0;
				PRODUCT_BUNDLE_IDENTIFIER = "com.ratnesh.SwiftUI-Study";
				PRODUCT_NAME = "$(TARGET_NAME)";
				SWIFT_EMIT_LOC_STRINGS = YES;
				SWIFT_VERSION = 5.0;
				TARGETED_DEVICE_FAMILY = "1,2";
			};
			name = Debug;
		};
		0304F0022C3916E800C2BD5E /* Release */ = {
			isa = XCBuildConfiguration;
			buildSettings = {
				ASSETCATALOG_COMPILER_APPICON_NAME = AppIcon;
				ASSETCATALOG_COMPILER_GLOBAL_ACCENT_COLOR_NAME = AccentColor;
				CODE_SIGN_STYLE = Automatic;
				CURRENT_PROJECT_VERSION = 1;
				DEVELOPMENT_ASSET_PATHS = "\"SwiftUI-Study/Preview Content\"";
				DEVELOPMENT_TEAM = 9G83WMJ43Y;
				ENABLE_PREVIEWS = YES;
				GENERATE_INFOPLIST_FILE = YES;
				INFOPLIST_KEY_UIApplicationSceneManifest_Generation = YES;
				INFOPLIST_KEY_UIApplicationSupportsIndirectInputEvents = YES;
				INFOPLIST_KEY_UILaunchScreen_Generation = YES;
				INFOPLIST_KEY_UISupportedInterfaceOrientations_iPad = "UIInterfaceOrientationPortrait UIInterfaceOrientationPortraitUpsideDown UIInterfaceOrientationLandscapeLeft UIInterfaceOrientationLandscapeRight";
				INFOPLIST_KEY_UISupportedInterfaceOrientations_iPhone = "UIInterfaceOrientationPortrait UIInterfaceOrientationLandscapeLeft UIInterfaceOrientationLandscapeRight";
				IPHONEOS_DEPLOYMENT_TARGET = 17.0;
				LD_RUNPATH_SEARCH_PATHS = (
					"$(inherited)",
					"@executable_path/Frameworks",
				);
				MARKETING_VERSION = 1.0;
				PRODUCT_BUNDLE_IDENTIFIER = "com.ratnesh.SwiftUI-Study";
				PRODUCT_NAME = "$(TARGET_NAME)";
				SWIFT_EMIT_LOC_STRINGS = YES;
				SWIFT_VERSION = 5.0;
				TARGETED_DEVICE_FAMILY = "1,2";
			};
			name = Release;
		};
/* End XCBuildConfiguration section */

/* Begin XCConfigurationList section */
		0304EFED2C3916E700C2BD5E /* Build configuration list for PBXProject "SwiftUI-Study" */ = {
			isa = XCConfigurationList;
			buildConfigurations = (
				0304EFFE2C3916E800C2BD5E /* Debug */,
				0304EFFF2C3916E800C2BD5E /* Release */,
			);
			defaultConfigurationIsVisible = 0;
			defaultConfigurationName = Release;
		};
		0304F0002C3916E800C2BD5E /* Build configuration list for PBXNativeTarget "SwiftUI-Study" */ = {
			isa = XCConfigurationList;
			buildConfigurations = (
				0304F0012C3916E800C2BD5E /* Debug */,
				0304F0022C3916E800C2BD5E /* Release */,
			);
			defaultConfigurationIsVisible = 0;
			defaultConfigurationName = Release;
		};
/* End XCConfigurationList section */
	};
	rootObject = 0304EFEA2C3916E700C2BD5E /* Project object */;
}
